// !$*UTF8*$!
{
	archiveVersion = 1;
	classes = {
	};
	objectVersion = 55;
	objects = {

/* Begin PBXBuildFile section */
		772F6769281064000099A8C0 /* UIColor+.swift in Sources */ = {isa = PBXBuildFile; fileRef = 772F6768281064000099A8C0 /* UIColor+.swift */; };
		7756F9E227FEDCFB006F6EF3 /* AppDelegate.swift in Sources */ = {isa = PBXBuildFile; fileRef = 7756F9E127FEDCFB006F6EF3 /* AppDelegate.swift */; };
		7756F9E427FEDCFB006F6EF3 /* SceneDelegate.swift in Sources */ = {isa = PBXBuildFile; fileRef = 7756F9E327FEDCFB006F6EF3 /* SceneDelegate.swift */; };
		7756F9E627FEDCFB006F6EF3 /* SignInViewController.swift in Sources */ = {isa = PBXBuildFile; fileRef = 7756F9E527FEDCFB006F6EF3 /* SignInViewController.swift */; };
		7756F9E927FEDCFB006F6EF3 /* SignInStoryBoard.storyboard in Resources */ = {isa = PBXBuildFile; fileRef = 7756F9E727FEDCFB006F6EF3 /* SignInStoryBoard.storyboard */; };
		7756F9EB27FEDCFD006F6EF3 /* Assets.xcassets in Resources */ = {isa = PBXBuildFile; fileRef = 7756F9EA27FEDCFD006F6EF3 /* Assets.xcassets */; };
		7756F9EE27FEDCFD006F6EF3 /* LaunchScreen.storyboard in Resources */ = {isa = PBXBuildFile; fileRef = 7756F9EC27FEDCFD006F6EF3 /* LaunchScreen.storyboard */; };
		7756F9FD27FF1F0B006F6EF3 /* UIViewController+.swift in Sources */ = {isa = PBXBuildFile; fileRef = 7756F9FC27FF1F0B006F6EF3 /* UIViewController+.swift */; };
		7756F9FF27FF1F70006F6EF3 /* UIView+.swift in Sources */ = {isa = PBXBuildFile; fileRef = 7756F9FE27FF1F70006F6EF3 /* UIView+.swift */; };
		7756FA0127FF2294006F6EF3 /* UIButton+.swift in Sources */ = {isa = PBXBuildFile; fileRef = 7756FA0027FF2294006F6EF3 /* UIButton+.swift */; };
		7756FA0327FF2309006F6EF3 /* Adjusted+.swift in Sources */ = {isa = PBXBuildFile; fileRef = 7756FA0227FF2309006F6EF3 /* Adjusted+.swift */; };
		7756FA0F27FFD5E9006F6EF3 /* ResultViewController.swift in Sources */ = {isa = PBXBuildFile; fileRef = 7756FA0E27FFD5E9006F6EF3 /* ResultViewController.swift */; };
		7756FA1127FFDDDE006F6EF3 /* UILabel+.swift in Sources */ = {isa = PBXBuildFile; fileRef = 7756FA1027FFDDDE006F6EF3 /* UILabel+.swift */; };
		7756FA1528001D07006F6EF3 /* SignUpStoryBoard.storyboard in Resources */ = {isa = PBXBuildFile; fileRef = 7756FA1428001D07006F6EF3 /* SignUpStoryBoard.storyboard */; };
		7756FA1928001D5F006F6EF3 /* MakeUserNameViewController.swift in Sources */ = {isa = PBXBuildFile; fileRef = 7756FA1828001D5F006F6EF3 /* MakeUserNameViewController.swift */; };
		7756FA1E280024AB006F6EF3 /* MakePasswordViewController.swift in Sources */ = {isa = PBXBuildFile; fileRef = 7756FA1D280024AB006F6EF3 /* MakePasswordViewController.swift */; };
		7756FA2428009F40006F6EF3 /* UITextField+.swift in Sources */ = {isa = PBXBuildFile; fileRef = 7756FA2328009F40006F6EF3 /* UITextField+.swift */; };
		77D9ECF428013ADC000EA76A /* Identifiers.swift in Sources */ = {isa = PBXBuildFile; fileRef = 77D9ECF328013ADC000EA76A /* Identifiers.swift */; };
		84BB0D9C19C27061E2C803D7 /* Pods_Instagram_CloneCoding.framework in Frameworks */ = {isa = PBXBuildFile; fileRef = 58CD9C2BB1D507AC5C7C9EA1 /* Pods_Instagram_CloneCoding.framework */; };
/* End PBXBuildFile section */

/* Begin PBXFileReference section */
		205945C4F3A74670664D4C89 /* Pods-Instagram-CloneCoding.release.xcconfig */ = {isa = PBXFileReference; includeInIndex = 1; lastKnownFileType = text.xcconfig; name = "Pods-Instagram-CloneCoding.release.xcconfig"; path = "Target Support Files/Pods-Instagram-CloneCoding/Pods-Instagram-CloneCoding.release.xcconfig"; sourceTree = "<group>"; };
		58CD9C2BB1D507AC5C7C9EA1 /* Pods_Instagram_CloneCoding.framework */ = {isa = PBXFileReference; explicitFileType = wrapper.framework; includeInIndex = 0; path = Pods_Instagram_CloneCoding.framework; sourceTree = BUILT_PRODUCTS_DIR; };
		6F8A8BD4AD8989C437075C34 /* Pods-Instagram-CloneCoding.debug.xcconfig */ = {isa = PBXFileReference; includeInIndex = 1; lastKnownFileType = text.xcconfig; name = "Pods-Instagram-CloneCoding.debug.xcconfig"; path = "Target Support Files/Pods-Instagram-CloneCoding/Pods-Instagram-CloneCoding.debug.xcconfig"; sourceTree = "<group>"; };
		772F6768281064000099A8C0 /* UIColor+.swift */ = {isa = PBXFileReference; lastKnownFileType = sourcecode.swift; path = "UIColor+.swift"; sourceTree = "<group>"; };
		7756F9DE27FEDCFB006F6EF3 /* Instagram-CloneCoding.app */ = {isa = PBXFileReference; explicitFileType = wrapper.application; includeInIndex = 0; path = "Instagram-CloneCoding.app"; sourceTree = BUILT_PRODUCTS_DIR; };
		7756F9E127FEDCFB006F6EF3 /* AppDelegate.swift */ = {isa = PBXFileReference; lastKnownFileType = sourcecode.swift; path = AppDelegate.swift; sourceTree = "<group>"; };
		7756F9E327FEDCFB006F6EF3 /* SceneDelegate.swift */ = {isa = PBXFileReference; lastKnownFileType = sourcecode.swift; path = SceneDelegate.swift; sourceTree = "<group>"; };
		7756F9E527FEDCFB006F6EF3 /* SignInViewController.swift */ = {isa = PBXFileReference; lastKnownFileType = sourcecode.swift; path = SignInViewController.swift; sourceTree = "<group>"; };
		7756F9E827FEDCFB006F6EF3 /* Base */ = {isa = PBXFileReference; lastKnownFileType = file.storyboard; name = Base; path = Base.lproj/SignInStoryBoard.storyboard; sourceTree = "<group>"; };
		7756F9EA27FEDCFD006F6EF3 /* Assets.xcassets */ = {isa = PBXFileReference; lastKnownFileType = folder.assetcatalog; path = Assets.xcassets; sourceTree = "<group>"; };
		7756F9ED27FEDCFD006F6EF3 /* Base */ = {isa = PBXFileReference; lastKnownFileType = file.storyboard; name = Base; path = Base.lproj/LaunchScreen.storyboard; sourceTree = "<group>"; };
		7756F9EF27FEDCFD006F6EF3 /* Info.plist */ = {isa = PBXFileReference; lastKnownFileType = text.plist.xml; path = Info.plist; sourceTree = "<group>"; };
		7756F9FC27FF1F0B006F6EF3 /* UIViewController+.swift */ = {isa = PBXFileReference; lastKnownFileType = sourcecode.swift; path = "UIViewController+.swift"; sourceTree = "<group>"; };
		7756F9FE27FF1F70006F6EF3 /* UIView+.swift */ = {isa = PBXFileReference; lastKnownFileType = sourcecode.swift; path = "UIView+.swift"; sourceTree = "<group>"; };
		7756FA0027FF2294006F6EF3 /* UIButton+.swift */ = {isa = PBXFileReference; lastKnownFileType = sourcecode.swift; path = "UIButton+.swift"; sourceTree = "<group>"; };
		7756FA0227FF2309006F6EF3 /* Adjusted+.swift */ = {isa = PBXFileReference; lastKnownFileType = sourcecode.swift; path = "Adjusted+.swift"; sourceTree = "<group>"; };
		7756FA0E27FFD5E9006F6EF3 /* ResultViewController.swift */ = {isa = PBXFileReference; lastKnownFileType = sourcecode.swift; path = ResultViewController.swift; sourceTree = "<group>"; };
		7756FA1027FFDDDE006F6EF3 /* UILabel+.swift */ = {isa = PBXFileReference; lastKnownFileType = sourcecode.swift; path = "UILabel+.swift"; sourceTree = "<group>"; };
		7756FA1428001D07006F6EF3 /* SignUpStoryBoard.storyboard */ = {isa = PBXFileReference; lastKnownFileType = file.storyboard; path = SignUpStoryBoard.storyboard; sourceTree = "<group>"; };
		7756FA1828001D5F006F6EF3 /* MakeUserNameViewController.swift */ = {isa = PBXFileReference; lastKnownFileType = sourcecode.swift; path = MakeUserNameViewController.swift; sourceTree = "<group>"; };
		7756FA1D280024AB006F6EF3 /* MakePasswordViewController.swift */ = {isa = PBXFileReference; lastKnownFileType = sourcecode.swift; path = MakePasswordViewController.swift; sourceTree = "<group>"; };
		7756FA2328009F40006F6EF3 /* UITextField+.swift */ = {isa = PBXFileReference; lastKnownFileType = sourcecode.swift; path = "UITextField+.swift"; sourceTree = "<group>"; };
		77D9ECF328013ADC000EA76A /* Identifiers.swift */ = {isa = PBXFileReference; lastKnownFileType = sourcecode.swift; path = Identifiers.swift; sourceTree = "<group>"; };
/* End PBXFileReference section */

/* Begin PBXFrameworksBuildPhase section */
		7756F9DB27FEDCFB006F6EF3 /* Frameworks */ = {
			isa = PBXFrameworksBuildPhase;
			buildActionMask = 2147483647;
			files = (
				84BB0D9C19C27061E2C803D7 /* Pods_Instagram_CloneCoding.framework in Frameworks */,
			);
			runOnlyForDeploymentPostprocessing = 0;
		};
/* End PBXFrameworksBuildPhase section */

/* Begin PBXGroup section */
		24D503F9B1237499109B4B63 /* Frameworks */ = {
			isa = PBXGroup;
			children = (
				58CD9C2BB1D507AC5C7C9EA1 /* Pods_Instagram_CloneCoding.framework */,
			);
			name = Frameworks;
			sourceTree = "<group>";
		};
		7756F9D527FEDCFB006F6EF3 = {
			isa = PBXGroup;
			children = (
				7756F9E027FEDCFB006F6EF3 /* Instagram-CloneCoding */,
				7756F9DF27FEDCFB006F6EF3 /* Products */,
				7BF9841F0FB66A4699D9F848 /* Pods */,
				24D503F9B1237499109B4B63 /* Frameworks */,
			);
			sourceTree = "<group>";
		};
		7756F9DF27FEDCFB006F6EF3 /* Products */ = {
			isa = PBXGroup;
			children = (
				7756F9DE27FEDCFB006F6EF3 /* Instagram-CloneCoding.app */,
			);
			name = Products;
			sourceTree = "<group>";
		};
		7756F9E027FEDCFB006F6EF3 /* Instagram-CloneCoding */ = {
			isa = PBXGroup;
			children = (
				7756F9F727FEE690006F6EF3 /* Global */,
				7756F9F627FEE633006F6EF3 /* Screen */,
				7756F9F527FEE614006F6EF3 /* Support */,
			);
			path = "Instagram-CloneCoding";
			sourceTree = "<group>";
		};
		7756F9F527FEE614006F6EF3 /* Support */ = {
			isa = PBXGroup;
			children = (
				7756F9E127FEDCFB006F6EF3 /* AppDelegate.swift */,
				7756F9E327FEDCFB006F6EF3 /* SceneDelegate.swift */,
				7756F9EF27FEDCFD006F6EF3 /* Info.plist */,
				7756F9EA27FEDCFD006F6EF3 /* Assets.xcassets */,
			);
			path = Support;
			sourceTree = "<group>";
		};
		7756F9F627FEE633006F6EF3 /* Screen */ = {
			isa = PBXGroup;
			children = (
				7756F9F827FEE6BD006F6EF3 /* SignIn */,
				7756FA1228001CD9006F6EF3 /* SignUp */,
			);
			path = Screen;
			sourceTree = "<group>";
		};
		7756F9F727FEE690006F6EF3 /* Global */ = {
			isa = PBXGroup;
			children = (
				77D9ECF228013AC4000EA76A /* Struct */,
				7756F9FB27FF1EE1006F6EF3 /* Extension */,
				7756F9EC27FEDCFD006F6EF3 /* LaunchScreen.storyboard */,
			);
			path = Global;
			sourceTree = "<group>";
		};
		7756F9F827FEE6BD006F6EF3 /* SignIn */ = {
			isa = PBXGroup;
			children = (
				7756F9F927FEE6C8006F6EF3 /* Storyboard */,
				7756F9FA27FEE6D2006F6EF3 /* Controller */,
			);
			path = SignIn;
			sourceTree = "<group>";
		};
		7756F9F927FEE6C8006F6EF3 /* Storyboard */ = {
			isa = PBXGroup;
			children = (
				7756F9E727FEDCFB006F6EF3 /* SignInStoryBoard.storyboard */,
			);
			path = Storyboard;
			sourceTree = "<group>";
		};
		7756F9FA27FEE6D2006F6EF3 /* Controller */ = {
			isa = PBXGroup;
			children = (
				7756F9E527FEDCFB006F6EF3 /* SignInViewController.swift */,
				7756FA0E27FFD5E9006F6EF3 /* ResultViewController.swift */,
			);
			path = Controller;
			sourceTree = "<group>";
		};
		7756F9FB27FF1EE1006F6EF3 /* Extension */ = {
			isa = PBXGroup;
			children = (
				7756F9FC27FF1F0B006F6EF3 /* UIViewController+.swift */,
				7756F9FE27FF1F70006F6EF3 /* UIView+.swift */,
				7756FA0027FF2294006F6EF3 /* UIButton+.swift */,
				7756FA1027FFDDDE006F6EF3 /* UILabel+.swift */,
				7756FA2328009F40006F6EF3 /* UITextField+.swift */,
				7756FA0227FF2309006F6EF3 /* Adjusted+.swift */,
				772F6768281064000099A8C0 /* UIColor+.swift */,
			);
			path = Extension;
			sourceTree = "<group>";
		};
		7756FA1228001CD9006F6EF3 /* SignUp */ = {
			isa = PBXGroup;
			children = (
				7756FA1328001CE5006F6EF3 /* Storyboard */,
				7756FA1A28001D6C006F6EF3 /* Controller */,
			);
			path = SignUp;
			sourceTree = "<group>";
		};
		7756FA1328001CE5006F6EF3 /* Storyboard */ = {
			isa = PBXGroup;
			children = (
				7756FA1428001D07006F6EF3 /* SignUpStoryBoard.storyboard */,
			);
			path = Storyboard;
			sourceTree = "<group>";
		};
		7756FA1A28001D6C006F6EF3 /* Controller */ = {
			isa = PBXGroup;
			children = (
				7756FA1828001D5F006F6EF3 /* MakeUserNameViewController.swift */,
				7756FA1D280024AB006F6EF3 /* MakePasswordViewController.swift */,
			);
			path = Controller;
			sourceTree = "<group>";
		};
		77D9ECF228013AC4000EA76A /* Struct */ = {
			isa = PBXGroup;
			children = (
				77D9ECF328013ADC000EA76A /* Identifiers.swift */,
			);
			path = Struct;
			sourceTree = "<group>";
		};
		7BF9841F0FB66A4699D9F848 /* Pods */ = {
			isa = PBXGroup;
			children = (
				6F8A8BD4AD8989C437075C34 /* Pods-Instagram-CloneCoding.debug.xcconfig */,
				205945C4F3A74670664D4C89 /* Pods-Instagram-CloneCoding.release.xcconfig */,
			);
			path = Pods;
			sourceTree = "<group>";
		};
/* End PBXGroup section */

/* Begin PBXNativeTarget section */
		7756F9DD27FEDCFB006F6EF3 /* Instagram-CloneCoding */ = {
			isa = PBXNativeTarget;
			buildConfigurationList = 7756F9F227FEDCFD006F6EF3 /* Build configuration list for PBXNativeTarget "Instagram-CloneCoding" */;
			buildPhases = (
				5C2C6382B4309CD0CAC57EAC /* [CP] Check Pods Manifest.lock */,
				7756F9DA27FEDCFB006F6EF3 /* Sources */,
				7756F9DB27FEDCFB006F6EF3 /* Frameworks */,
				7756F9DC27FEDCFB006F6EF3 /* Resources */,
				A019094086DFB430AA8DB1F7 /* [CP] Embed Pods Frameworks */,
			);
			buildRules = (
			);
			dependencies = (
			);
			name = "Instagram-CloneCoding";
			productName = "Instagram-CloneCoding";
			productReference = 7756F9DE27FEDCFB006F6EF3 /* Instagram-CloneCoding.app */;
			productType = "com.apple.product-type.application";
		};
/* End PBXNativeTarget section */

/* Begin PBXProject section */
		7756F9D627FEDCFB006F6EF3 /* Project object */ = {
			isa = PBXProject;
			attributes = {
				BuildIndependentTargetsInParallel = 1;
				LastSwiftUpdateCheck = 1310;
				LastUpgradeCheck = 1310;
				TargetAttributes = {
					7756F9DD27FEDCFB006F6EF3 = {
						CreatedOnToolsVersion = 13.1;
					};
				};
			};
			buildConfigurationList = 7756F9D927FEDCFB006F6EF3 /* Build configuration list for PBXProject "Instagram-CloneCoding" */;
			compatibilityVersion = "Xcode 13.0";
			developmentRegion = en;
			hasScannedForEncodings = 0;
			knownRegions = (
				en,
				Base,
			);
			mainGroup = 7756F9D527FEDCFB006F6EF3;
			productRefGroup = 7756F9DF27FEDCFB006F6EF3 /* Products */;
			projectDirPath = "";
			projectRoot = "";
			targets = (
				7756F9DD27FEDCFB006F6EF3 /* Instagram-CloneCoding */,
			);
		};
/* End PBXProject section */

/* Begin PBXResourcesBuildPhase section */
		7756F9DC27FEDCFB006F6EF3 /* Resources */ = {
			isa = PBXResourcesBuildPhase;
			buildActionMask = 2147483647;
			files = (
				7756F9EE27FEDCFD006F6EF3 /* LaunchScreen.storyboard in Resources */,
				7756FA1528001D07006F6EF3 /* SignUpStoryBoard.storyboard in Resources */,
				7756F9EB27FEDCFD006F6EF3 /* Assets.xcassets in Resources */,
				7756F9E927FEDCFB006F6EF3 /* SignInStoryBoard.storyboard in Resources */,
			);
			runOnlyForDeploymentPostprocessing = 0;
		};
/* End PBXResourcesBuildPhase section */

/* Begin PBXShellScriptBuildPhase section */
		5C2C6382B4309CD0CAC57EAC /* [CP] Check Pods Manifest.lock */ = {
			isa = PBXShellScriptBuildPhase;
			buildActionMask = 2147483647;
			files = (
			);
			inputFileListPaths = (
			);
			inputPaths = (
				"${PODS_PODFILE_DIR_PATH}/Podfile.lock",
				"${PODS_ROOT}/Manifest.lock",
			);
			name = "[CP] Check Pods Manifest.lock";
			outputFileListPaths = (
			);
			outputPaths = (
				"$(DERIVED_FILE_DIR)/Pods-Instagram-CloneCoding-checkManifestLockResult.txt",
			);
			runOnlyForDeploymentPostprocessing = 0;
			shellPath = /bin/sh;
			shellScript = "diff \"${PODS_PODFILE_DIR_PATH}/Podfile.lock\" \"${PODS_ROOT}/Manifest.lock\" > /dev/null\nif [ $? != 0 ] ; then\n    # print error to STDERR\n    echo \"error: The sandbox is not in sync with the Podfile.lock. Run 'pod install' or update your CocoaPods installation.\" >&2\n    exit 1\nfi\n# This output is used by Xcode 'outputs' to avoid re-running this script phase.\necho \"SUCCESS\" > \"${SCRIPT_OUTPUT_FILE_0}\"\n";
			showEnvVarsInLog = 0;
		};
		A019094086DFB430AA8DB1F7 /* [CP] Embed Pods Frameworks */ = {
			isa = PBXShellScriptBuildPhase;
			buildActionMask = 2147483647;
			files = (
			);
			inputFileListPaths = (
				"${PODS_ROOT}/Target Support Files/Pods-Instagram-CloneCoding/Pods-Instagram-CloneCoding-frameworks-${CONFIGURATION}-input-files.xcfilelist",
			);
			name = "[CP] Embed Pods Frameworks";
			outputFileListPaths = (
				"${PODS_ROOT}/Target Support Files/Pods-Instagram-CloneCoding/Pods-Instagram-CloneCoding-frameworks-${CONFIGURATION}-output-files.xcfilelist",
			);
			runOnlyForDeploymentPostprocessing = 0;
			shellPath = /bin/sh;
			shellScript = "\"${PODS_ROOT}/Target Support Files/Pods-Instagram-CloneCoding/Pods-Instagram-CloneCoding-frameworks.sh\"\n";
			showEnvVarsInLog = 0;
		};
/* End PBXShellScriptBuildPhase section */

/* Begin PBXSourcesBuildPhase section */
		7756F9DA27FEDCFB006F6EF3 /* Sources */ = {
			isa = PBXSourcesBuildPhase;
			buildActionMask = 2147483647;
			files = (
				7756FA1928001D5F006F6EF3 /* MakeUserNameViewController.swift in Sources */,
				7756FA1127FFDDDE006F6EF3 /* UILabel+.swift in Sources */,
				7756FA1E280024AB006F6EF3 /* MakePasswordViewController.swift in Sources */,
				7756FA2428009F40006F6EF3 /* UITextField+.swift in Sources */,
				7756FA0327FF2309006F6EF3 /* Adjusted+.swift in Sources */,
				7756F9E627FEDCFB006F6EF3 /* SignInViewController.swift in Sources */,
				7756FA0127FF2294006F6EF3 /* UIButton+.swift in Sources */,
				7756FA0F27FFD5E9006F6EF3 /* ResultViewController.swift in Sources */,
				7756F9E227FEDCFB006F6EF3 /* AppDelegate.swift in Sources */,
				77D9ECF428013ADC000EA76A /* Identifiers.swift in Sources */,
				7756F9FD27FF1F0B006F6EF3 /* UIViewController+.swift in Sources */,
				7756F9E427FEDCFB006F6EF3 /* SceneDelegate.swift in Sources */,
				7756F9FF27FF1F70006F6EF3 /* UIView+.swift in Sources */,
				772F6769281064000099A8C0 /* UIColor+.swift in Sources */,
			);
			runOnlyForDeploymentPostprocessing = 0;
		};
/* End PBXSourcesBuildPhase section */

/* Begin PBXVariantGroup section */
		7756F9E727FEDCFB006F6EF3 /* SignInStoryBoard.storyboard */ = {
			isa = PBXVariantGroup;
			children = (
				7756F9E827FEDCFB006F6EF3 /* Base */,
			);
			name = SignInStoryBoard.storyboard;
			sourceTree = "<group>";
		};
		7756F9EC27FEDCFD006F6EF3 /* LaunchScreen.storyboard */ = {
			isa = PBXVariantGroup;
			children = (
				7756F9ED27FEDCFD006F6EF3 /* Base */,
			);
			name = LaunchScreen.storyboard;
			sourceTree = "<group>";
		};
/* End PBXVariantGroup section */

/* Begin XCBuildConfiguration section */
		7756F9F027FEDCFD006F6EF3 /* Debug */ = {
			isa = XCBuildConfiguration;
			buildSettings = {
				ALWAYS_SEARCH_USER_PATHS = NO;
				CLANG_ANALYZER_NONNULL = YES;
				CLANG_ANALYZER_NUMBER_OBJECT_CONVERSION = YES_AGGRESSIVE;
				CLANG_CXX_LANGUAGE_STANDARD = "gnu++17";
				CLANG_CXX_LIBRARY = "libc++";
				CLANG_ENABLE_MODULES = YES;
				CLANG_ENABLE_OBJC_ARC = YES;
				CLANG_ENABLE_OBJC_WEAK = YES;
				CLANG_WARN_BLOCK_CAPTURE_AUTORELEASING = YES;
				CLANG_WARN_BOOL_CONVERSION = YES;
				CLANG_WARN_COMMA = YES;
				CLANG_WARN_CONSTANT_CONVERSION = YES;
				CLANG_WARN_DEPRECATED_OBJC_IMPLEMENTATIONS = YES;
				CLANG_WARN_DIRECT_OBJC_ISA_USAGE = YES_ERROR;
				CLANG_WARN_DOCUMENTATION_COMMENTS = YES;
				CLANG_WARN_EMPTY_BODY = YES;
				CLANG_WARN_ENUM_CONVERSION = YES;
				CLANG_WARN_INFINITE_RECURSION = YES;
				CLANG_WARN_INT_CONVERSION = YES;
				CLANG_WARN_NON_LITERAL_NULL_CONVERSION = YES;
				CLANG_WARN_OBJC_IMPLICIT_RETAIN_SELF = YES;
				CLANG_WARN_OBJC_LITERAL_CONVERSION = YES;
				CLANG_WARN_OBJC_ROOT_CLASS = YES_ERROR;
				CLANG_WARN_QUOTED_INCLUDE_IN_FRAMEWORK_HEADER = YES;
				CLANG_WARN_RANGE_LOOP_ANALYSIS = YES;
				CLANG_WARN_STRICT_PROTOTYPES = YES;
				CLANG_WARN_SUSPICIOUS_MOVE = YES;
				CLANG_WARN_UNGUARDED_AVAILABILITY = YES_AGGRESSIVE;
				CLANG_WARN_UNREACHABLE_CODE = YES;
				CLANG_WARN__DUPLICATE_METHOD_MATCH = YES;
				COPY_PHASE_STRIP = NO;
				DEBUG_INFORMATION_FORMAT = dwarf;
				ENABLE_STRICT_OBJC_MSGSEND = YES;
				ENABLE_TESTABILITY = YES;
				GCC_C_LANGUAGE_STANDARD = gnu11;
				GCC_DYNAMIC_NO_PIC = NO;
				GCC_NO_COMMON_BLOCKS = YES;
				GCC_OPTIMIZATION_LEVEL = 0;
				GCC_PREPROCESSOR_DEFINITIONS = (
					"DEBUG=1",
					"$(inherited)",
				);
				GCC_WARN_64_TO_32_BIT_CONVERSION = YES;
				GCC_WARN_ABOUT_RETURN_TYPE = YES_ERROR;
				GCC_WARN_UNDECLARED_SELECTOR = YES;
				GCC_WARN_UNINITIALIZED_AUTOS = YES_AGGRESSIVE;
				GCC_WARN_UNUSED_FUNCTION = YES;
				GCC_WARN_UNUSED_VARIABLE = YES;
				IPHONEOS_DEPLOYMENT_TARGET = 15.0;
				MTL_ENABLE_DEBUG_INFO = INCLUDE_SOURCE;
				MTL_FAST_MATH = YES;
				ONLY_ACTIVE_ARCH = YES;
				SDKROOT = iphoneos;
				SWIFT_ACTIVE_COMPILATION_CONDITIONS = DEBUG;
				SWIFT_OPTIMIZATION_LEVEL = "-Onone";
			};
			name = Debug;
		};
		7756F9F127FEDCFD006F6EF3 /* Release */ = {
			isa = XCBuildConfiguration;
			buildSettings = {
				ALWAYS_SEARCH_USER_PATHS = NO;
				CLANG_ANALYZER_NONNULL = YES;
				CLANG_ANALYZER_NUMBER_OBJECT_CONVERSION = YES_AGGRESSIVE;
				CLANG_CXX_LANGUAGE_STANDARD = "gnu++17";
				CLANG_CXX_LIBRARY = "libc++";
				CLANG_ENABLE_MODULES = YES;
				CLANG_ENABLE_OBJC_ARC = YES;
				CLANG_ENABLE_OBJC_WEAK = YES;
				CLANG_WARN_BLOCK_CAPTURE_AUTORELEASING = YES;
				CLANG_WARN_BOOL_CONVERSION = YES;
				CLANG_WARN_COMMA = YES;
				CLANG_WARN_CONSTANT_CONVERSION = YES;
				CLANG_WARN_DEPRECATED_OBJC_IMPLEMENTATIONS = YES;
				CLANG_WARN_DIRECT_OBJC_ISA_USAGE = YES_ERROR;
				CLANG_WARN_DOCUMENTATION_COMMENTS = YES;
				CLANG_WARN_EMPTY_BODY = YES;
				CLANG_WARN_ENUM_CONVERSION = YES;
				CLANG_WARN_INFINITE_RECURSION = YES;
				CLANG_WARN_INT_CONVERSION = YES;
				CLANG_WARN_NON_LITERAL_NULL_CONVERSION = YES;
				CLANG_WARN_OBJC_IMPLICIT_RETAIN_SELF = YES;
				CLANG_WARN_OBJC_LITERAL_CONVERSION = YES;
				CLANG_WARN_OBJC_ROOT_CLASS = YES_ERROR;
				CLANG_WARN_QUOTED_INCLUDE_IN_FRAMEWORK_HEADER = YES;
				CLANG_WARN_RANGE_LOOP_ANALYSIS = YES;
				CLANG_WARN_STRICT_PROTOTYPES = YES;
				CLANG_WARN_SUSPICIOUS_MOVE = YES;
				CLANG_WARN_UNGUARDED_AVAILABILITY = YES_AGGRESSIVE;
				CLANG_WARN_UNREACHABLE_CODE = YES;
				CLANG_WARN__DUPLICATE_METHOD_MATCH = YES;
				COPY_PHASE_STRIP = NO;
				DEBUG_INFORMATION_FORMAT = "dwarf-with-dsym";
				ENABLE_NS_ASSERTIONS = NO;
				ENABLE_STRICT_OBJC_MSGSEND = YES;
				GCC_C_LANGUAGE_STANDARD = gnu11;
				GCC_NO_COMMON_BLOCKS = YES;
				GCC_WARN_64_TO_32_BIT_CONVERSION = YES;
				GCC_WARN_ABOUT_RETURN_TYPE = YES_ERROR;
				GCC_WARN_UNDECLARED_SELECTOR = YES;
				GCC_WARN_UNINITIALIZED_AUTOS = YES_AGGRESSIVE;
				GCC_WARN_UNUSED_FUNCTION = YES;
				GCC_WARN_UNUSED_VARIABLE = YES;
				IPHONEOS_DEPLOYMENT_TARGET = 15.0;
				MTL_ENABLE_DEBUG_INFO = NO;
				MTL_FAST_MATH = YES;
				SDKROOT = iphoneos;
				SWIFT_COMPILATION_MODE = wholemodule;
				SWIFT_OPTIMIZATION_LEVEL = "-O";
				VALIDATE_PRODUCT = YES;
			};
			name = Release;
		};
		7756F9F327FEDCFD006F6EF3 /* Debug */ = {
			isa = XCBuildConfiguration;
			baseConfigurationReference = 6F8A8BD4AD8989C437075C34 /* Pods-Instagram-CloneCoding.debug.xcconfig */;
			buildSettings = {
				ASSETCATALOG_COMPILER_APPICON_NAME = AppIcon;
				ASSETCATALOG_COMPILER_GLOBAL_ACCENT_COLOR_NAME = AccentColor;
				CODE_SIGN_STYLE = Automatic;
				CURRENT_PROJECT_VERSION = 1;
				DEVELOPMENT_TEAM = 397WA8BG8W;
				GENERATE_INFOPLIST_FILE = YES;
				INFOPLIST_FILE = "Instagram-CloneCoding/Support/Info.plist";
				INFOPLIST_KEY_UIApplicationSupportsIndirectInputEvents = YES;
				INFOPLIST_KEY_UILaunchStoryboardName = LaunchScreen;
				INFOPLIST_KEY_UIMainStoryboardFile = SignInStoryBoard;
				INFOPLIST_KEY_UISupportedInterfaceOrientations_iPad = "UIInterfaceOrientationPortrait UIInterfaceOrientationPortraitUpsideDown UIInterfaceOrientationLandscapeLeft UIInterfaceOrientationLandscapeRight";
				INFOPLIST_KEY_UISupportedInterfaceOrientations_iPhone = "UIInterfaceOrientationPortrait UIInterfaceOrientationLandscapeLeft UIInterfaceOrientationLandscapeRight";
				LD_RUNPATH_SEARCH_PATHS = (
					"$(inherited)",
					"@executable_path/Frameworks",
				);
				MARKETING_VERSION = 1.0;
				PRODUCT_BUNDLE_IDENTIFIER = "com.eunju.Instagram-CloneCoding";
				PRODUCT_NAME = "$(TARGET_NAME)";
				SWIFT_EMIT_LOC_STRINGS = YES;
				SWIFT_VERSION = 5.0;
				TARGETED_DEVICE_FAMILY = "1,2";
			};
			name = Debug;
		};
		7756F9F427FEDCFD006F6EF3 /* Release */ = {
			isa = XCBuildConfiguration;
			baseConfigurationReference = 205945C4F3A74670664D4C89 /* Pods-Instagram-CloneCoding.release.xcconfig */;
			buildSettings = {
				ASSETCATALOG_COMPILER_APPICON_NAME = AppIcon;
				ASSETCATALOG_COMPILER_GLOBAL_ACCENT_COLOR_NAME = AccentColor;
				CODE_SIGN_STYLE = Automatic;
				CURRENT_PROJECT_VERSION = 1;
				DEVELOPMENT_TEAM = 397WA8BG8W;
				GENERATE_INFOPLIST_FILE = YES;
				INFOPLIST_FILE = "Instagram-CloneCoding/Support/Info.plist";
				INFOPLIST_KEY_UIApplicationSupportsIndirectInputEvents = YES;
				INFOPLIST_KEY_UILaunchStoryboardName = LaunchScreen;
				INFOPLIST_KEY_UIMainStoryboardFile = SignInStoryBoard;
				INFOPLIST_KEY_UISupportedInterfaceOrientations_iPad = "UIInterfaceOrientationPortrait UIInterfaceOrientationPortraitUpsideDown UIInterfaceOrientationLandscapeLeft UIInterfaceOrientationLandscapeRight";
				INFOPLIST_KEY_UISupportedInterfaceOrientations_iPhone = "UIInterfaceOrientationPortrait UIInterfaceOrientationLandscapeLeft UIInterfaceOrientationLandscapeRight";
				LD_RUNPATH_SEARCH_PATHS = (
					"$(inherited)",
					"@executable_path/Frameworks",
				);
				MARKETING_VERSION = 1.0;
				PRODUCT_BUNDLE_IDENTIFIER = "com.eunju.Instagram-CloneCoding";
				PRODUCT_NAME = "$(TARGET_NAME)";
				SWIFT_EMIT_LOC_STRINGS = YES;
				SWIFT_VERSION = 5.0;
				TARGETED_DEVICE_FAMILY = "1,2";
			};
			name = Release;
		};
/* End XCBuildConfiguration section */

/* Begin XCConfigurationList section */
		7756F9D927FEDCFB006F6EF3 /* Build configuration list for PBXProject "Instagram-CloneCoding" */ = {
			isa = XCConfigurationList;
			buildConfigurations = (
				7756F9F027FEDCFD006F6EF3 /* Debug */,
				7756F9F127FEDCFD006F6EF3 /* Release */,
			);
			defaultConfigurationIsVisible = 0;
			defaultConfigurationName = Release;
		};
		7756F9F227FEDCFD006F6EF3 /* Build configuration list for PBXNativeTarget "Instagram-CloneCoding" */ = {
			isa = XCConfigurationList;
			buildConfigurations = (
				7756F9F327FEDCFD006F6EF3 /* Debug */,
				7756F9F427FEDCFD006F6EF3 /* Release */,
			);
			defaultConfigurationIsVisible = 0;
			defaultConfigurationName = Release;
		};
/* End XCConfigurationList section */
	};
	rootObject = 7756F9D627FEDCFB006F6EF3 /* Project object */;
}
